
Microsoft Visual Studio Solution File, Format Version 12.00
# Visual Studio 15
VisualStudioVersion = 15.0.26730.12
MinimumVisualStudioVersion = 10.0.40219.1
Project("{FAE04EC0-301F-11D3-BF4B-00C04F79EFBC}") = "BotnetServer", "Botnet\BotnetServer.csproj", "{7265033B-3941-4836-A664-2D2C896F720A}"
EndProject
Project("{FAE04EC0-301F-11D3-BF4B-00C04F79EFBC}") = "BotnetClient", "BotnetClient\BotnetClient.csproj", "{3E3AF7C5-23E2-4C7F-AA0F-F1FF2135AC41}"
EndProject
Global
	GlobalSection(SolutionConfigurationPlatforms) = preSolution
		Debug|Any CPU = Debug|Any CPU
		Release|Any CPU = Release|Any CPU
	EndGlobalSection
	GlobalSection(ProjectConfigurationPlatforms) = postSolution
		{7265033B-3941-4836-A664-2D2C896F720A}.Debug|Any CPU.ActiveCfg = Debug|Any CPU
		{7265033B-3941-4836-A664-2D2C896F720A}.Debug|Any CPU.Build.0 = Debug|Any CPU
		{7265033B-3941-4836-A664-2D2C896F720A}.Release|Any CPU.ActiveCfg = Release|Any CPU
		{7265033B-3941-4836-A664-2D2C896F720A}.Release|Any CPU.Build.0 = Release|Any CPU
		{3E3AF7C5-23E2-4C7F-AA0F-F1FF2135AC41}.Debug|Any CPU.ActiveCfg = Debug|Any CPU
		{3E3AF7C5-23E2-4C7F-AA0F-F1FF2135AC41}.Debug|Any CPU.Build.0 = Debug|Any CPU
		{3E3AF7C5-23E2-4C7F-AA0F-F1FF2135AC41}.Release|Any CPU.ActiveCfg = Release|Any CPU
		{3E3AF7C5-23E2-4C7F-AA0F-F1FF2135AC41}.Release|Any CPU.Build.0 = Release|Any CPU
	EndGlobalSection
	GlobalSection(SolutionProperties) = preSolution
		HideSolutionNode = FALSE
	EndGlobalSection
	GlobalSection(ExtensibilityGlobals) = postSolution
		SolutionGuid = {E026BB35-0880-481A-9142-CBB302395715}
	EndGlobalSection
EndGlobal
