
Microsoft Visual Studio Solution File, Format Version 12.00
# Visual Studio 15
VisualStudioVersion = 15.0.27130.2010
MinimumVisualStudioVersion = 10.0.40219.1
Project("{FAE04EC0-301F-11D3-BF4B-00C04F79EFBC}") = "service", "service\service.csproj", "{02AC6E0F-0451-4608-8F92-D78A0FDF65A8}"
EndProject
Global
	GlobalSection(SolutionConfigurationPlatforms) = preSolution
		Debug|Any CPU = Debug|Any CPU
		Release|Any CPU = Release|Any CPU
	EndGlobalSection
	GlobalSection(ProjectConfigurationPlatforms) = postSolution
		{02AC6E0F-0451-4608-8F92-D78A0FDF65A8}.Debug|Any CPU.ActiveCfg = Debug|Any CPU
		{02AC6E0F-0451-4608-8F92-D78A0FDF65A8}.Debug|Any CPU.Build.0 = Debug|Any CPU
		{02AC6E0F-0451-4608-8F92-D78A0FDF65A8}.Release|Any CPU.ActiveCfg = Release|Any CPU
		{02AC6E0F-0451-4608-8F92-D78A0FDF65A8}.Release|Any CPU.Build.0 = Release|Any CPU
	EndGlobalSection
	GlobalSection(SolutionProperties) = preSolution
		HideSolutionNode = FALSE
	EndGlobalSection
	GlobalSection(ExtensibilityGlobals) = postSolution
		SolutionGuid = {FAAA9E3D-B580-44E6-B2A5-DD1C11961669}
	EndGlobalSection
EndGlobal
